// !$*UTF8*$!
{
	archiveVersion = 1;
	classes = {
	};
	objectVersion = 50;
	objects = {

/* Begin PBXBuildFile section */
		3070C606790DD6F845864A8C /* Pods_SmackChatApp.framework in Frameworks */ = {isa = PBXBuildFile; fileRef = 360FE2116F33731341AEC139 /* Pods_SmackChatApp.framework */; };
		B1064C7622914D13006942DD /* SWRevealViewController.m in Sources */ = {isa = PBXBuildFile; fileRef = B1064C7522914D13006942DD /* SWRevealViewController.m */; };
		B1064C7C22914D5B006942DD /* ChannelVC.swift in Sources */ = {isa = PBXBuildFile; fileRef = B1064C7B22914D5B006942DD /* ChannelVC.swift */; };
		B1064C7F22914D7C006942DD /* ChatVC.swift in Sources */ = {isa = PBXBuildFile; fileRef = B1064C7E22914D7C006942DD /* ChatVC.swift */; };
		B1064C8122915BCE006942DD /* GradientView.swift in Sources */ = {isa = PBXBuildFile; fileRef = B1064C8022915BCE006942DD /* GradientView.swift */; };
		B1098FE922998A500047C194 /* AddChannelVC.swift in Sources */ = {isa = PBXBuildFile; fileRef = B1098FE722998A500047C194 /* AddChannelVC.swift */; };
		B1098FEA22998A500047C194 /* AddChannelVC.xib in Resources */ = {isa = PBXBuildFile; fileRef = B1098FE822998A500047C194 /* AddChannelVC.xib */; };
		B1098FEC229991770047C194 /* SocketService.swift in Sources */ = {isa = PBXBuildFile; fileRef = B1098FEB229991770047C194 /* SocketService.swift */; };
		B1098FEE229A46820047C194 /* Message.swift in Sources */ = {isa = PBXBuildFile; fileRef = B1098FED229A46820047C194 /* Message.swift */; };
		B1098FF0229A53A90047C194 /* KeyboardBoundView.swift in Sources */ = {isa = PBXBuildFile; fileRef = B1098FEF229A53A90047C194 /* KeyboardBoundView.swift */; };
		B1098FF2229A5C670047C194 /* MessageCell.swift in Sources */ = {isa = PBXBuildFile; fileRef = B1098FF1229A5C670047C194 /* MessageCell.swift */; };
		B1098FF4229AE0050047C194 /* RectBoundTextField.swift in Sources */ = {isa = PBXBuildFile; fileRef = B1098FF3229AE0050047C194 /* RectBoundTextField.swift */; };
		B12567902290BC5C00D1D2B8 /* AppDelegate.swift in Sources */ = {isa = PBXBuildFile; fileRef = B125678F2290BC5C00D1D2B8 /* AppDelegate.swift */; };
		B12567952290BC5C00D1D2B8 /* Main.storyboard in Resources */ = {isa = PBXBuildFile; fileRef = B12567932290BC5C00D1D2B8 /* Main.storyboard */; };
		B12567972290BC5E00D1D2B8 /* Assets.xcassets in Resources */ = {isa = PBXBuildFile; fileRef = B12567962290BC5E00D1D2B8 /* Assets.xcassets */; };
		B125679A2290BC5E00D1D2B8 /* LaunchScreen.storyboard in Resources */ = {isa = PBXBuildFile; fileRef = B12567982290BC5E00D1D2B8 /* LaunchScreen.storyboard */; };
		B1282881229839250052E163 /* RoundedImageView.swift in Sources */ = {isa = PBXBuildFile; fileRef = B1282880229839250052E163 /* RoundedImageView.swift */; };
		B1282885229852620052E163 /* ProfileVC.swift in Sources */ = {isa = PBXBuildFile; fileRef = B1282883229852620052E163 /* ProfileVC.swift */; };
		B1282886229852620052E163 /* ProfileVC.xib in Resources */ = {isa = PBXBuildFile; fileRef = B1282884229852620052E163 /* ProfileVC.xib */; };
		B16E86112292E1D300459823 /* LoginVC.swift in Sources */ = {isa = PBXBuildFile; fileRef = B16E86102292E1D300459823 /* LoginVC.swift */; };
		B1757D5D22993E4600A84DCD /* MessageService.swift in Sources */ = {isa = PBXBuildFile; fileRef = B1757D5C22993E4600A84DCD /* MessageService.swift */; };
		B1757D5F22993E8900A84DCD /* Channel.swift in Sources */ = {isa = PBXBuildFile; fileRef = B1757D5E22993E8900A84DCD /* Channel.swift */; };
		B1757D612299476400A84DCD /* ChannelCell.swift in Sources */ = {isa = PBXBuildFile; fileRef = B1757D602299476400A84DCD /* ChannelCell.swift */; };
		B19BCF3222957F1300187E90 /* AuthService.swift in Sources */ = {isa = PBXBuildFile; fileRef = B19BCF3122957F1300187E90 /* AuthService.swift */; };
		B19BCF342295AE7200187E90 /* RoundedButtom.swift in Sources */ = {isa = PBXBuildFile; fileRef = B19BCF332295AE7200187E90 /* RoundedButtom.swift */; };
		B1A886912292E7D3003C21AE /* Constants.swift in Sources */ = {isa = PBXBuildFile; fileRef = B1A886902292E7D3003C21AE /* Constants.swift */; };
		B1A886932292F477003C21AE /* CreateAccountVC.swift in Sources */ = {isa = PBXBuildFile; fileRef = B1A886922292F477003C21AE /* CreateAccountVC.swift */; };
		B1D8BDE22296D95700C34153 /* UserDataService.swift in Sources */ = {isa = PBXBuildFile; fileRef = B1D8BDE12296D95700C34153 /* UserDataService.swift */; };
		B1D8BDE42296F75100C34153 /* AvatarPickerVC.swift in Sources */ = {isa = PBXBuildFile; fileRef = B1D8BDE32296F75100C34153 /* AvatarPickerVC.swift */; };
		B1D8BDE62296FC8400C34153 /* AvatarCell.swift in Sources */ = {isa = PBXBuildFile; fileRef = B1D8BDE52296FC8400C34153 /* AvatarCell.swift */; };
/* End PBXBuildFile section */

/* Begin PBXFileReference section */
		360FE2116F33731341AEC139 /* Pods_SmackChatApp.framework */ = {isa = PBXFileReference; explicitFileType = wrapper.framework; includeInIndex = 0; path = Pods_SmackChatApp.framework; sourceTree = BUILT_PRODUCTS_DIR; };
		9E8768B30ACA4DA5C97AAED0 /* Pods-SmackChatApp.debug.xcconfig */ = {isa = PBXFileReference; includeInIndex = 1; lastKnownFileType = text.xcconfig; name = "Pods-SmackChatApp.debug.xcconfig"; path = "Pods/Target Support Files/Pods-SmackChatApp/Pods-SmackChatApp.debug.xcconfig"; sourceTree = "<group>"; };
		B1064C7322914D13006942DD /* SmackChatApp-Bridging-Header.h */ = {isa = PBXFileReference; lastKnownFileType = sourcecode.c.h; path = "SmackChatApp-Bridging-Header.h"; sourceTree = "<group>"; };
		B1064C7422914D13006942DD /* SWRevealViewController.h */ = {isa = PBXFileReference; fileEncoding = 4; lastKnownFileType = sourcecode.c.h; path = SWRevealViewController.h; sourceTree = "<group>"; };
		B1064C7522914D13006942DD /* SWRevealViewController.m */ = {isa = PBXFileReference; fileEncoding = 4; lastKnownFileType = sourcecode.c.objc; path = SWRevealViewController.m; sourceTree = "<group>"; };
		B1064C7B22914D5B006942DD /* ChannelVC.swift */ = {isa = PBXFileReference; lastKnownFileType = sourcecode.swift; path = ChannelVC.swift; sourceTree = "<group>"; };
		B1064C7E22914D7C006942DD /* ChatVC.swift */ = {isa = PBXFileReference; lastKnownFileType = sourcecode.swift; path = ChatVC.swift; sourceTree = "<group>"; };
		B1064C8022915BCE006942DD /* GradientView.swift */ = {isa = PBXFileReference; lastKnownFileType = sourcecode.swift; path = GradientView.swift; sourceTree = "<group>"; };
		B1098FE722998A500047C194 /* AddChannelVC.swift */ = {isa = PBXFileReference; lastKnownFileType = sourcecode.swift; path = AddChannelVC.swift; sourceTree = "<group>"; };
		B1098FE822998A500047C194 /* AddChannelVC.xib */ = {isa = PBXFileReference; lastKnownFileType = file.xib; path = AddChannelVC.xib; sourceTree = "<group>"; };
		B1098FEB229991770047C194 /* SocketService.swift */ = {isa = PBXFileReference; lastKnownFileType = sourcecode.swift; path = SocketService.swift; sourceTree = "<group>"; };
		B1098FED229A46820047C194 /* Message.swift */ = {isa = PBXFileReference; lastKnownFileType = sourcecode.swift; path = Message.swift; sourceTree = "<group>"; };
		B1098FEF229A53A90047C194 /* KeyboardBoundView.swift */ = {isa = PBXFileReference; fileEncoding = 4; lastKnownFileType = sourcecode.swift; path = KeyboardBoundView.swift; sourceTree = "<group>"; };
		B1098FF1229A5C670047C194 /* MessageCell.swift */ = {isa = PBXFileReference; lastKnownFileType = sourcecode.swift; path = MessageCell.swift; sourceTree = "<group>"; };
		B1098FF3229AE0050047C194 /* RectBoundTextField.swift */ = {isa = PBXFileReference; lastKnownFileType = sourcecode.swift; path = RectBoundTextField.swift; sourceTree = "<group>"; };
		B125678C2290BC5C00D1D2B8 /* SmackChatApp.app */ = {isa = PBXFileReference; explicitFileType = wrapper.application; includeInIndex = 0; path = SmackChatApp.app; sourceTree = BUILT_PRODUCTS_DIR; };
		B125678F2290BC5C00D1D2B8 /* AppDelegate.swift */ = {isa = PBXFileReference; lastKnownFileType = sourcecode.swift; path = AppDelegate.swift; sourceTree = "<group>"; };
		B12567942290BC5C00D1D2B8 /* Base */ = {isa = PBXFileReference; lastKnownFileType = file.storyboard; name = Base; path = Base.lproj/Main.storyboard; sourceTree = "<group>"; };
		B12567962290BC5E00D1D2B8 /* Assets.xcassets */ = {isa = PBXFileReference; lastKnownFileType = folder.assetcatalog; path = Assets.xcassets; sourceTree = "<group>"; };
		B12567992290BC5E00D1D2B8 /* Base */ = {isa = PBXFileReference; lastKnownFileType = file.storyboard; name = Base; path = Base.lproj/LaunchScreen.storyboard; sourceTree = "<group>"; };
		B125679B2290BC5E00D1D2B8 /* Info.plist */ = {isa = PBXFileReference; lastKnownFileType = text.plist.xml; path = Info.plist; sourceTree = "<group>"; };
		B1282880229839250052E163 /* RoundedImageView.swift */ = {isa = PBXFileReference; lastKnownFileType = sourcecode.swift; path = RoundedImageView.swift; sourceTree = "<group>"; };
		B1282883229852620052E163 /* ProfileVC.swift */ = {isa = PBXFileReference; lastKnownFileType = sourcecode.swift; path = ProfileVC.swift; sourceTree = "<group>"; };
		B1282884229852620052E163 /* ProfileVC.xib */ = {isa = PBXFileReference; lastKnownFileType = file.xib; path = ProfileVC.xib; sourceTree = "<group>"; };
		B16E86102292E1D300459823 /* LoginVC.swift */ = {isa = PBXFileReference; lastKnownFileType = sourcecode.swift; path = LoginVC.swift; sourceTree = "<group>"; };
		B1757D5C22993E4600A84DCD /* MessageService.swift */ = {isa = PBXFileReference; lastKnownFileType = sourcecode.swift; path = MessageService.swift; sourceTree = "<group>"; };
		B1757D5E22993E8900A84DCD /* Channel.swift */ = {isa = PBXFileReference; lastKnownFileType = sourcecode.swift; path = Channel.swift; sourceTree = "<group>"; };
		B1757D602299476400A84DCD /* ChannelCell.swift */ = {isa = PBXFileReference; lastKnownFileType = sourcecode.swift; path = ChannelCell.swift; sourceTree = "<group>"; };
		B19BCF3122957F1300187E90 /* AuthService.swift */ = {isa = PBXFileReference; lastKnownFileType = sourcecode.swift; path = AuthService.swift; sourceTree = "<group>"; };
		B19BCF332295AE7200187E90 /* RoundedButtom.swift */ = {isa = PBXFileReference; lastKnownFileType = sourcecode.swift; path = RoundedButtom.swift; sourceTree = "<group>"; };
		B1A886902292E7D3003C21AE /* Constants.swift */ = {isa = PBXFileReference; lastKnownFileType = sourcecode.swift; path = Constants.swift; sourceTree = "<group>"; };
		B1A886922292F477003C21AE /* CreateAccountVC.swift */ = {isa = PBXFileReference; lastKnownFileType = sourcecode.swift; path = CreateAccountVC.swift; sourceTree = "<group>"; };
		B1D8BDE12296D95700C34153 /* UserDataService.swift */ = {isa = PBXFileReference; lastKnownFileType = sourcecode.swift; path = UserDataService.swift; sourceTree = "<group>"; };
		B1D8BDE32296F75100C34153 /* AvatarPickerVC.swift */ = {isa = PBXFileReference; lastKnownFileType = sourcecode.swift; path = AvatarPickerVC.swift; sourceTree = "<group>"; };
		B1D8BDE52296FC8400C34153 /* AvatarCell.swift */ = {isa = PBXFileReference; lastKnownFileType = sourcecode.swift; path = AvatarCell.swift; sourceTree = "<group>"; };
		DA25CA7773EDF229B4215CC0 /* Pods-SmackChatApp.release.xcconfig */ = {isa = PBXFileReference; includeInIndex = 1; lastKnownFileType = text.xcconfig; name = "Pods-SmackChatApp.release.xcconfig"; path = "Pods/Target Support Files/Pods-SmackChatApp/Pods-SmackChatApp.release.xcconfig"; sourceTree = "<group>"; };
/* End PBXFileReference section */

/* Begin PBXFrameworksBuildPhase section */
		B12567892290BC5C00D1D2B8 /* Frameworks */ = {
			isa = PBXFrameworksBuildPhase;
			buildActionMask = 2147483647;
			files = (
				3070C606790DD6F845864A8C /* Pods_SmackChatApp.framework in Frameworks */,
			);
			runOnlyForDeploymentPostprocessing = 0;
		};
/* End PBXFrameworksBuildPhase section */

/* Begin PBXGroup section */
		646D9CC5B182F481C9683AAC /* Pods */ = {
			isa = PBXGroup;
			children = (
				9E8768B30ACA4DA5C97AAED0 /* Pods-SmackChatApp.debug.xcconfig */,
				DA25CA7773EDF229B4215CC0 /* Pods-SmackChatApp.release.xcconfig */,
			);
			name = Pods;
			sourceTree = "<group>";
		};
		B1064C6F22914CB7006942DD /* SupportingFiles */ = {
			isa = PBXGroup;
			children = (
				B1064C7422914D13006942DD /* SWRevealViewController.h */,
				B1064C7522914D13006942DD /* SWRevealViewController.m */,
				B1064C7322914D13006942DD /* SmackChatApp-Bridging-Header.h */,
			);
			path = SupportingFiles;
			sourceTree = "<group>";
		};
		B1064C7722914D27006942DD /* Model */ = {
			isa = PBXGroup;
			children = (
				B1757D5E22993E8900A84DCD /* Channel.swift */,
				B1098FED229A46820047C194 /* Message.swift */,
			);
			path = Model;
			sourceTree = "<group>";
		};
		B1064C7822914D2D006942DD /* View */ = {
			isa = PBXGroup;
			children = (
				B1064C8022915BCE006942DD /* GradientView.swift */,
				B19BCF332295AE7200187E90 /* RoundedButtom.swift */,
				B1D8BDE52296FC8400C34153 /* AvatarCell.swift */,
				B1282880229839250052E163 /* RoundedImageView.swift */,
				B1757D602299476400A84DCD /* ChannelCell.swift */,
				B1098FEF229A53A90047C194 /* KeyboardBoundView.swift */,
				B1098FF1229A5C670047C194 /* MessageCell.swift */,
				B1098FF3229AE0050047C194 /* RectBoundTextField.swift */,
			);
			path = View;
			sourceTree = "<group>";
		};
		B1064C7A22914D3A006942DD /* Controller */ = {
			isa = PBXGroup;
			children = (
				B1064C7B22914D5B006942DD /* ChannelVC.swift */,
				B1064C7E22914D7C006942DD /* ChatVC.swift */,
				B16E86102292E1D300459823 /* LoginVC.swift */,
				B1A886922292F477003C21AE /* CreateAccountVC.swift */,
				B1D8BDE32296F75100C34153 /* AvatarPickerVC.swift */,
				B1282883229852620052E163 /* ProfileVC.swift */,
				B1098FE722998A500047C194 /* AddChannelVC.swift */,
			);
			path = Controller;
			sourceTree = "<group>";
		};
		B12567832290BC5C00D1D2B8 = {
			isa = PBXGroup;
			children = (
				B125678E2290BC5C00D1D2B8 /* SmackChatApp */,
				B125678D2290BC5C00D1D2B8 /* Products */,
				646D9CC5B182F481C9683AAC /* Pods */,
				D1F8193DF2F12CF38EC0EE74 /* Frameworks */,
			);
			sourceTree = "<group>";
		};
		B125678D2290BC5C00D1D2B8 /* Products */ = {
			isa = PBXGroup;
			children = (
				B125678C2290BC5C00D1D2B8 /* SmackChatApp.app */,
			);
			name = Products;
			sourceTree = "<group>";
		};
		B125678E2290BC5C00D1D2B8 /* SmackChatApp */ = {
			isa = PBXGroup;
			children = (
				B12828822298523A0052E163 /* XIBs */,
				B19BCF3022957EEE00187E90 /* Services */,
				B1A8868F2292E7C1003C21AE /* Utilities */,
				B1064C7722914D27006942DD /* Model */,
				B1064C7822914D2D006942DD /* View */,
				B1064C7A22914D3A006942DD /* Controller */,
				B1064C6F22914CB7006942DD /* SupportingFiles */,
				B125678F2290BC5C00D1D2B8 /* AppDelegate.swift */,
				B12567932290BC5C00D1D2B8 /* Main.storyboard */,
				B12567962290BC5E00D1D2B8 /* Assets.xcassets */,
				B12567982290BC5E00D1D2B8 /* LaunchScreen.storyboard */,
				B125679B2290BC5E00D1D2B8 /* Info.plist */,
			);
			path = SmackChatApp;
			sourceTree = "<group>";
		};
		B12828822298523A0052E163 /* XIBs */ = {
			isa = PBXGroup;
			children = (
				B1282884229852620052E163 /* ProfileVC.xib */,
				B1098FE822998A500047C194 /* AddChannelVC.xib */,
			);
			path = XIBs;
			sourceTree = "<group>";
		};
		B19BCF3022957EEE00187E90 /* Services */ = {
			isa = PBXGroup;
			children = (
				B19BCF3122957F1300187E90 /* AuthService.swift */,
				B1D8BDE12296D95700C34153 /* UserDataService.swift */,
				B1757D5C22993E4600A84DCD /* MessageService.swift */,
				B1098FEB229991770047C194 /* SocketService.swift */,
			);
			path = Services;
			sourceTree = "<group>";
		};
		B1A8868F2292E7C1003C21AE /* Utilities */ = {
			isa = PBXGroup;
			children = (
				B1A886902292E7D3003C21AE /* Constants.swift */,
			);
			path = Utilities;
			sourceTree = "<group>";
		};
		D1F8193DF2F12CF38EC0EE74 /* Frameworks */ = {
			isa = PBXGroup;
			children = (
				360FE2116F33731341AEC139 /* Pods_SmackChatApp.framework */,
			);
			name = Frameworks;
			sourceTree = "<group>";
		};
/* End PBXGroup section */

/* Begin PBXNativeTarget section */
		B125678B2290BC5C00D1D2B8 /* SmackChatApp */ = {
			isa = PBXNativeTarget;
			buildConfigurationList = B125679E2290BC5E00D1D2B8 /* Build configuration list for PBXNativeTarget "SmackChatApp" */;
			buildPhases = (
				1EB0759694856DC16CBD8FA5 /* [CP] Check Pods Manifest.lock */,
				B12567882290BC5C00D1D2B8 /* Sources */,
				B12567892290BC5C00D1D2B8 /* Frameworks */,
				B125678A2290BC5C00D1D2B8 /* Resources */,
				5445A52EAE0C5343C51F5B4E /* [CP] Embed Pods Frameworks */,
			);
			buildRules = (
			);
			dependencies = (
			);
			name = SmackChatApp;
			productName = SmackChatApp;
			productReference = B125678C2290BC5C00D1D2B8 /* SmackChatApp.app */;
			productType = "com.apple.product-type.application";
		};
/* End PBXNativeTarget section */

/* Begin PBXProject section */
		B12567842290BC5C00D1D2B8 /* Project object */ = {
			isa = PBXProject;
			attributes = {
				LastSwiftUpdateCheck = 1020;
				LastUpgradeCheck = 1020;
				ORGANIZATIONNAME = "AhemadAbbas Vagh";
				TargetAttributes = {
					B125678B2290BC5C00D1D2B8 = {
						CreatedOnToolsVersion = 10.2.1;
						LastSwiftMigration = 1020;
					};
				};
			};
			buildConfigurationList = B12567872290BC5C00D1D2B8 /* Build configuration list for PBXProject "SmackChatApp" */;
			compatibilityVersion = "Xcode 9.3";
			developmentRegion = en;
			hasScannedForEncodings = 0;
			knownRegions = (
				en,
				Base,
			);
			mainGroup = B12567832290BC5C00D1D2B8;
			productRefGroup = B125678D2290BC5C00D1D2B8 /* Products */;
			projectDirPath = "";
			projectRoot = "";
			targets = (
				B125678B2290BC5C00D1D2B8 /* SmackChatApp */,
			);
		};
/* End PBXProject section */

/* Begin PBXResourcesBuildPhase section */
		B125678A2290BC5C00D1D2B8 /* Resources */ = {
			isa = PBXResourcesBuildPhase;
			buildActionMask = 2147483647;
			files = (
				B1098FEA22998A500047C194 /* AddChannelVC.xib in Resources */,
				B1282886229852620052E163 /* ProfileVC.xib in Resources */,
				B125679A2290BC5E00D1D2B8 /* LaunchScreen.storyboard in Resources */,
				B12567972290BC5E00D1D2B8 /* Assets.xcassets in Resources */,
				B12567952290BC5C00D1D2B8 /* Main.storyboard in Resources */,
			);
			runOnlyForDeploymentPostprocessing = 0;
		};
/* End PBXResourcesBuildPhase section */

/* Begin PBXShellScriptBuildPhase section */
		1EB0759694856DC16CBD8FA5 /* [CP] Check Pods Manifest.lock */ = {
			isa = PBXShellScriptBuildPhase;
			buildActionMask = 2147483647;
			files = (
			);
			inputPaths = (
				"${PODS_PODFILE_DIR_PATH}/Podfile.lock",
				"${PODS_ROOT}/Manifest.lock",
			);
			name = "[CP] Check Pods Manifest.lock";
			outputPaths = (
				"$(DERIVED_FILE_DIR)/Pods-SmackChatApp-checkManifestLockResult.txt",
			);
			runOnlyForDeploymentPostprocessing = 0;
			shellPath = /bin/sh;
			shellScript = "diff \"${PODS_PODFILE_DIR_PATH}/Podfile.lock\" \"${PODS_ROOT}/Manifest.lock\" > /dev/null\nif [ $? != 0 ] ; then\n    # print error to STDERR\n    echo \"error: The sandbox is not in sync with the Podfile.lock. Run 'pod install' or update your CocoaPods installation.\" >&2\n    exit 1\nfi\n# This output is used by Xcode 'outputs' to avoid re-running this script phase.\necho \"SUCCESS\" > \"${SCRIPT_OUTPUT_FILE_0}\"\n";
			showEnvVarsInLog = 0;
		};
		5445A52EAE0C5343C51F5B4E /* [CP] Embed Pods Frameworks */ = {
			isa = PBXShellScriptBuildPhase;
			buildActionMask = 2147483647;
			files = (
			);
			inputPaths = (
				"${SRCROOT}/Pods/Target Support Files/Pods-SmackChatApp/Pods-SmackChatApp-frameworks.sh",
				"${BUILT_PRODUCTS_DIR}/Alamofire/Alamofire.framework",
				"${BUILT_PRODUCTS_DIR}/Socket.IO-Client-Swift/SocketIO.framework",
				"${BUILT_PRODUCTS_DIR}/Starscream/Starscream.framework",
				"${BUILT_PRODUCTS_DIR}/SwiftyJSON/SwiftyJSON.framework",
			);
			name = "[CP] Embed Pods Frameworks";
			outputPaths = (
				"${TARGET_BUILD_DIR}/${FRAMEWORKS_FOLDER_PATH}/Alamofire.framework",
				"${TARGET_BUILD_DIR}/${FRAMEWORKS_FOLDER_PATH}/SocketIO.framework",
				"${TARGET_BUILD_DIR}/${FRAMEWORKS_FOLDER_PATH}/Starscream.framework",
				"${TARGET_BUILD_DIR}/${FRAMEWORKS_FOLDER_PATH}/SwiftyJSON.framework",
			);
			runOnlyForDeploymentPostprocessing = 0;
			shellPath = /bin/sh;
			shellScript = "\"${SRCROOT}/Pods/Target Support Files/Pods-SmackChatApp/Pods-SmackChatApp-frameworks.sh\"\n";
			showEnvVarsInLog = 0;
		};
/* End PBXShellScriptBuildPhase section */

/* Begin PBXSourcesBuildPhase section */
		B12567882290BC5C00D1D2B8 /* Sources */ = {
			isa = PBXSourcesBuildPhase;
			buildActionMask = 2147483647;
			files = (
				B1098FF0229A53A90047C194 /* KeyboardBoundView.swift in Sources */,
				B1098FEC229991770047C194 /* SocketService.swift in Sources */,
				B1098FF4229AE0050047C194 /* RectBoundTextField.swift in Sources */,
				B1282885229852620052E163 /* ProfileVC.swift in Sources */,
				B1757D612299476400A84DCD /* ChannelCell.swift in Sources */,
				B1064C7F22914D7C006942DD /* ChatVC.swift in Sources */,
				B1D8BDE42296F75100C34153 /* AvatarPickerVC.swift in Sources */,
				B1098FF2229A5C670047C194 /* MessageCell.swift in Sources */,
				B12567902290BC5C00D1D2B8 /* AppDelegate.swift in Sources */,
				B1098FEE229A46820047C194 /* Message.swift in Sources */,
				B1757D5F22993E8900A84DCD /* Channel.swift in Sources */,
				B1A886932292F477003C21AE /* CreateAccountVC.swift in Sources */,
				B1757D5D22993E4600A84DCD /* MessageService.swift in Sources */,
				B1D8BDE22296D95700C34153 /* UserDataService.swift in Sources */,
				B19BCF3222957F1300187E90 /* AuthService.swift in Sources */,
				B1282881229839250052E163 /* RoundedImageView.swift in Sources */,
				B16E86112292E1D300459823 /* LoginVC.swift in Sources */,
				B1064C8122915BCE006942DD /* GradientView.swift in Sources */,
				B1098FE922998A500047C194 /* AddChannelVC.swift in Sources */,
				B1A886912292E7D3003C21AE /* Constants.swift in Sources */,
				B1064C7C22914D5B006942DD /* ChannelVC.swift in Sources */,
				B19BCF342295AE7200187E90 /* RoundedButtom.swift in Sources */,
				B1064C7622914D13006942DD /* SWRevealViewController.m in Sources */,
				B1D8BDE62296FC8400C34153 /* AvatarCell.swift in Sources */,
			);
			runOnlyForDeploymentPostprocessing = 0;
		};
/* End PBXSourcesBuildPhase section */

/* Begin PBXVariantGroup section */
		B12567932290BC5C00D1D2B8 /* Main.storyboard */ = {
			isa = PBXVariantGroup;
			children = (
				B12567942290BC5C00D1D2B8 /* Base */,
			);
			name = Main.storyboard;
			sourceTree = "<group>";
		};
		B12567982290BC5E00D1D2B8 /* LaunchScreen.storyboard */ = {
			isa = PBXVariantGroup;
			children = (
				B12567992290BC5E00D1D2B8 /* Base */,
			);
			name = LaunchScreen.storyboard;
			sourceTree = "<group>";
		};
/* End PBXVariantGroup section */

/* Begin XCBuildConfiguration section */
		B125679C2290BC5E00D1D2B8 /* Debug */ = {
			isa = XCBuildConfiguration;
			buildSettings = {
				ALWAYS_SEARCH_USER_PATHS = NO;
				CLANG_ANALYZER_NONNULL = YES;
				CLANG_ANALYZER_NUMBER_OBJECT_CONVERSION = YES_AGGRESSIVE;
				CLANG_CXX_LANGUAGE_STANDARD = "gnu++14";
				CLANG_CXX_LIBRARY = "libc++";
				CLANG_ENABLE_MODULES = YES;
				CLANG_ENABLE_OBJC_ARC = YES;
				CLANG_ENABLE_OBJC_WEAK = YES;
				CLANG_WARN_BLOCK_CAPTURE_AUTORELEASING = YES;
				CLANG_WARN_BOOL_CONVERSION = YES;
				CLANG_WARN_COMMA = YES;
				CLANG_WARN_CONSTANT_CONVERSION = YES;
				CLANG_WARN_DEPRECATED_OBJC_IMPLEMENTATIONS = YES;
				CLANG_WARN_DIRECT_OBJC_ISA_USAGE = YES_ERROR;
				CLANG_WARN_DOCUMENTATION_COMMENTS = YES;
				CLANG_WARN_EMPTY_BODY = YES;
				CLANG_WARN_ENUM_CONVERSION = YES;
				CLANG_WARN_INFINITE_RECURSION = YES;
				CLANG_WARN_INT_CONVERSION = YES;
				CLANG_WARN_NON_LITERAL_NULL_CONVERSION = YES;
				CLANG_WARN_OBJC_IMPLICIT_RETAIN_SELF = YES;
				CLANG_WARN_OBJC_LITERAL_CONVERSION = YES;
				CLANG_WARN_OBJC_ROOT_CLASS = YES_ERROR;
				CLANG_WARN_RANGE_LOOP_ANALYSIS = YES;
				CLANG_WARN_STRICT_PROTOTYPES = YES;
				CLANG_WARN_SUSPICIOUS_MOVE = YES;
				CLANG_WARN_UNGUARDED_AVAILABILITY = YES_AGGRESSIVE;
				CLANG_WARN_UNREACHABLE_CODE = YES;
				CLANG_WARN__DUPLICATE_METHOD_MATCH = YES;
				CODE_SIGN_IDENTITY = "iPhone Developer";
				COPY_PHASE_STRIP = NO;
				DEBUG_INFORMATION_FORMAT = dwarf;
				ENABLE_STRICT_OBJC_MSGSEND = YES;
				ENABLE_TESTABILITY = YES;
				GCC_C_LANGUAGE_STANDARD = gnu11;
				GCC_DYNAMIC_NO_PIC = NO;
				GCC_NO_COMMON_BLOCKS = YES;
				GCC_OPTIMIZATION_LEVEL = 0;
				GCC_PREPROCESSOR_DEFINITIONS = (
					"DEBUG=1",
					"$(inherited)",
				);
				GCC_WARN_64_TO_32_BIT_CONVERSION = YES;
				GCC_WARN_ABOUT_RETURN_TYPE = YES_ERROR;
				GCC_WARN_UNDECLARED_SELECTOR = YES;
				GCC_WARN_UNINITIALIZED_AUTOS = YES_AGGRESSIVE;
				GCC_WARN_UNUSED_FUNCTION = YES;
				GCC_WARN_UNUSED_VARIABLE = YES;
				IPHONEOS_DEPLOYMENT_TARGET = 12.2;
				MTL_ENABLE_DEBUG_INFO = INCLUDE_SOURCE;
				MTL_FAST_MATH = YES;
				ONLY_ACTIVE_ARCH = YES;
				SDKROOT = iphoneos;
				SWIFT_ACTIVE_COMPILATION_CONDITIONS = DEBUG;
				SWIFT_OPTIMIZATION_LEVEL = "-Onone";
			};
			name = Debug;
		};
		B125679D2290BC5E00D1D2B8 /* Release */ = {
			isa = XCBuildConfiguration;
			buildSettings = {
				ALWAYS_SEARCH_USER_PATHS = NO;
				CLANG_ANALYZER_NONNULL = YES;
				CLANG_ANALYZER_NUMBER_OBJECT_CONVERSION = YES_AGGRESSIVE;
				CLANG_CXX_LANGUAGE_STANDARD = "gnu++14";
				CLANG_CXX_LIBRARY = "libc++";
				CLANG_ENABLE_MODULES = YES;
				CLANG_ENABLE_OBJC_ARC = YES;
				CLANG_ENABLE_OBJC_WEAK = YES;
				CLANG_WARN_BLOCK_CAPTURE_AUTORELEASING = YES;
				CLANG_WARN_BOOL_CONVERSION = YES;
				CLANG_WARN_COMMA = YES;
				CLANG_WARN_CONSTANT_CONVERSION = YES;
				CLANG_WARN_DEPRECATED_OBJC_IMPLEMENTATIONS = YES;
				CLANG_WARN_DIRECT_OBJC_ISA_USAGE = YES_ERROR;
				CLANG_WARN_DOCUMENTATION_COMMENTS = YES;
				CLANG_WARN_EMPTY_BODY = YES;
				CLANG_WARN_ENUM_CONVERSION = YES;
				CLANG_WARN_INFINITE_RECURSION = YES;
				CLANG_WARN_INT_CONVERSION = YES;
				CLANG_WARN_NON_LITERAL_NULL_CONVERSION = YES;
				CLANG_WARN_OBJC_IMPLICIT_RETAIN_SELF = YES;
				CLANG_WARN_OBJC_LITERAL_CONVERSION = YES;
				CLANG_WARN_OBJC_ROOT_CLASS = YES_ERROR;
				CLANG_WARN_RANGE_LOOP_ANALYSIS = YES;
				CLANG_WARN_STRICT_PROTOTYPES = YES;
				CLANG_WARN_SUSPICIOUS_MOVE = YES;
				CLANG_WARN_UNGUARDED_AVAILABILITY = YES_AGGRESSIVE;
				CLANG_WARN_UNREACHABLE_CODE = YES;
				CLANG_WARN__DUPLICATE_METHOD_MATCH = YES;
				CODE_SIGN_IDENTITY = "iPhone Developer";
				COPY_PHASE_STRIP = NO;
				DEBUG_INFORMATION_FORMAT = "dwarf-with-dsym";
				ENABLE_NS_ASSERTIONS = NO;
				ENABLE_STRICT_OBJC_MSGSEND = YES;
				GCC_C_LANGUAGE_STANDARD = gnu11;
				GCC_NO_COMMON_BLOCKS = YES;
				GCC_WARN_64_TO_32_BIT_CONVERSION = YES;
				GCC_WARN_ABOUT_RETURN_TYPE = YES_ERROR;
				GCC_WARN_UNDECLARED_SELECTOR = YES;
				GCC_WARN_UNINITIALIZED_AUTOS = YES_AGGRESSIVE;
				GCC_WARN_UNUSED_FUNCTION = YES;
				GCC_WARN_UNUSED_VARIABLE = YES;
				IPHONEOS_DEPLOYMENT_TARGET = 12.2;
				MTL_ENABLE_DEBUG_INFO = NO;
				MTL_FAST_MATH = YES;
				SDKROOT = iphoneos;
				SWIFT_COMPILATION_MODE = wholemodule;
				SWIFT_OPTIMIZATION_LEVEL = "-O";
				VALIDATE_PRODUCT = YES;
			};
			name = Release;
		};
		B125679F2290BC5E00D1D2B8 /* Debug */ = {
			isa = XCBuildConfiguration;
			baseConfigurationReference = 9E8768B30ACA4DA5C97AAED0 /* Pods-SmackChatApp.debug.xcconfig */;
			buildSettings = {
				ASSETCATALOG_COMPILER_APPICON_NAME = AppIcon;
				CLANG_ENABLE_MODULES = YES;
				CODE_SIGN_STYLE = Automatic;
				INFOPLIST_FILE = SmackChatApp/Info.plist;
				LD_RUNPATH_SEARCH_PATHS = (
					"$(inherited)",
					"@executable_path/Frameworks",
				);
				PRODUCT_BUNDLE_IDENTIFIER = demo.SmackChatApp;
				PRODUCT_NAME = "$(TARGET_NAME)";
				SWIFT_OBJC_BRIDGING_HEADER = "SmackChatApp/SupportingFiles/SmackChatApp-Bridging-Header.h";
				SWIFT_OPTIMIZATION_LEVEL = "-Onone";
				SWIFT_VERSION = 5.0;
				TARGETED_DEVICE_FAMILY = "1,2";
			};
			name = Debug;
		};
		B12567A02290BC5E00D1D2B8 /* Release */ = {
			isa = XCBuildConfiguration;
			baseConfigurationReference = DA25CA7773EDF229B4215CC0 /* Pods-SmackChatApp.release.xcconfig */;
			buildSettings = {
				ASSETCATALOG_COMPILER_APPICON_NAME = AppIcon;
				CLANG_ENABLE_MODULES = YES;
				CODE_SIGN_STYLE = Automatic;
				INFOPLIST_FILE = SmackChatApp/Info.plist;
				LD_RUNPATH_SEARCH_PATHS = (
					"$(inherited)",
					"@executable_path/Frameworks",
				);
				PRODUCT_BUNDLE_IDENTIFIER = demo.SmackChatApp;
				PRODUCT_NAME = "$(TARGET_NAME)";
				SWIFT_OBJC_BRIDGING_HEADER = "SmackChatApp/SupportingFiles/SmackChatApp-Bridging-Header.h";
				SWIFT_VERSION = 5.0;
				TARGETED_DEVICE_FAMILY = "1,2";
			};
			name = Release;
		};
/* End XCBuildConfiguration section */

/* Begin XCConfigurationList section */
		B12567872290BC5C00D1D2B8 /* Build configuration list for PBXProject "SmackChatApp" */ = {
			isa = XCConfigurationList;
			buildConfigurations = (
				B125679C2290BC5E00D1D2B8 /* Debug */,
				B125679D2290BC5E00D1D2B8 /* Release */,
			);
			defaultConfigurationIsVisible = 0;
			defaultConfigurationName = Release;
		};
		B125679E2290BC5E00D1D2B8 /* Build configuration list for PBXNativeTarget "SmackChatApp" */ = {
			isa = XCConfigurationList;
			buildConfigurations = (
				B125679F2290BC5E00D1D2B8 /* Debug */,
				B12567A02290BC5E00D1D2B8 /* Release */,
			);
			defaultConfigurationIsVisible = 0;
			defaultConfigurationName = Release;
		};
/* End XCConfigurationList section */
	};
	rootObject = B12567842290BC5C00D1D2B8 /* Project object */;
}
